// !$*UTF8*$!
{
	archiveVersion = 1;
	classes = {
	};
	objectVersion = 56;
	objects = {

/* Begin PBXBuildFile section */
		3580A2E82AF3DEED00F1B824 /* SandboxExplorerApp.swift in Sources */ = {isa = PBXBuildFile; fileRef = 3580A2E72AF3DEED00F1B824 /* SandboxExplorerApp.swift */; };
		3580A2EA2AF3DEED00F1B824 /* ContentView.swift in Sources */ = {isa = PBXBuildFile; fileRef = 3580A2E92AF3DEED00F1B824 /* ContentView.swift */; };
		3580A2EC2AF3DEEE00F1B824 /* Assets.xcassets in Resources */ = {isa = PBXBuildFile; fileRef = 3580A2EB2AF3DEEE00F1B824 /* Assets.xcassets */; };
		3580A2F02AF3DEEE00F1B824 /* Preview Assets.xcassets in Resources */ = {isa = PBXBuildFile; fileRef = 3580A2EF2AF3DEEE00F1B824 /* Preview Assets.xcassets */; };
		3580A2F92AF3DF2E00F1B824 /* FileNode.swift in Sources */ = {isa = PBXBuildFile; fileRef = 3580A2F82AF3DF2E00F1B824 /* FileNode.swift */; };
		3580A2FB2AF3DF3300F1B824 /* FileSnippet.swift in Sources */ = {isa = PBXBuildFile; fileRef = 3580A2FA2AF3DF3300F1B824 /* FileSnippet.swift */; };
		3580A2FD2AF3DF3C00F1B824 /* FileView.swift in Sources */ = {isa = PBXBuildFile; fileRef = 3580A2FC2AF3DF3C00F1B824 /* FileView.swift */; };
		3580A3002AF3F98C00F1B824 /* Pasteboard.swift in Sources */ = {isa = PBXBuildFile; fileRef = 3580A2FF2AF3F98C00F1B824 /* Pasteboard.swift */; };
		3580A3032AF4008700F1B824 /* FileSystemViewModel.swift in Sources */ = {isa = PBXBuildFile; fileRef = 3580A3022AF4008700F1B824 /* FileSystemViewModel.swift */; };
		3580A3052AF403F900F1B824 /* FileSystemView.swift in Sources */ = {isa = PBXBuildFile; fileRef = 3580A3042AF403F900F1B824 /* FileSystemView.swift */; };
/* End PBXBuildFile section */

/* Begin PBXFileReference section */
		3580A2E42AF3DEED00F1B824 /* Sandbox Explorer.app */ = {isa = PBXFileReference; explicitFileType = wrapper.application; includeInIndex = 0; path = "Sandbox Explorer.app"; sourceTree = BUILT_PRODUCTS_DIR; };
		3580A2E72AF3DEED00F1B824 /* SandboxExplorerApp.swift */ = {isa = PBXFileReference; lastKnownFileType = sourcecode.swift; path = SandboxExplorerApp.swift; sourceTree = "<group>"; };
		3580A2E92AF3DEED00F1B824 /* ContentView.swift */ = {isa = PBXFileReference; lastKnownFileType = sourcecode.swift; path = ContentView.swift; sourceTree = "<group>"; };
		3580A2EB2AF3DEEE00F1B824 /* Assets.xcassets */ = {isa = PBXFileReference; lastKnownFileType = folder.assetcatalog; path = Assets.xcassets; sourceTree = "<group>"; };
		3580A2ED2AF3DEEE00F1B824 /* Sandbox Explorer.entitlements */ = {isa = PBXFileReference; lastKnownFileType = text.plist.entitlements; path = "Sandbox Explorer.entitlements"; sourceTree = "<group>"; };
		3580A2EF2AF3DEEE00F1B824 /* Preview Assets.xcassets */ = {isa = PBXFileReference; lastKnownFileType = folder.assetcatalog; path = "Preview Assets.xcassets"; sourceTree = "<group>"; };
		3580A2F82AF3DF2E00F1B824 /* FileNode.swift */ = {isa = PBXFileReference; fileEncoding = 4; lastKnownFileType = sourcecode.swift; path = FileNode.swift; sourceTree = "<group>"; };
		3580A2FA2AF3DF3300F1B824 /* FileSnippet.swift */ = {isa = PBXFileReference; fileEncoding = 4; lastKnownFileType = sourcecode.swift; path = FileSnippet.swift; sourceTree = "<group>"; };
		3580A2FC2AF3DF3C00F1B824 /* FileView.swift */ = {isa = PBXFileReference; fileEncoding = 4; lastKnownFileType = sourcecode.swift; path = FileView.swift; sourceTree = "<group>"; };
		3580A2FF2AF3F98C00F1B824 /* Pasteboard.swift */ = {isa = PBXFileReference; lastKnownFileType = sourcecode.swift; path = Pasteboard.swift; sourceTree = "<group>"; };
		3580A3022AF4008700F1B824 /* FileSystemViewModel.swift */ = {isa = PBXFileReference; lastKnownFileType = sourcecode.swift; path = FileSystemViewModel.swift; sourceTree = "<group>"; };
		3580A3042AF403F900F1B824 /* FileSystemView.swift */ = {isa = PBXFileReference; lastKnownFileType = sourcecode.swift; path = FileSystemView.swift; sourceTree = "<group>"; };
/* End PBXFileReference section */

/* Begin PBXFrameworksBuildPhase section */
		3580A2E12AF3DEED00F1B824 /* Frameworks */ = {
			isa = PBXFrameworksBuildPhase;
			buildActionMask = 2147483647;
			files = (
			);
			runOnlyForDeploymentPostprocessing = 0;
		};
/* End PBXFrameworksBuildPhase section */

/* Begin PBXGroup section */
		3580A2DB2AF3DEED00F1B824 = {
			isa = PBXGroup;
			children = (
				3580A2E62AF3DEED00F1B824 /* Sandbox Explorer */,
				3580A2E52AF3DEED00F1B824 /* Products */,
			);
			sourceTree = "<group>";
		};
		3580A2E52AF3DEED00F1B824 /* Products */ = {
			isa = PBXGroup;
			children = (
				3580A2E42AF3DEED00F1B824 /* Sandbox Explorer.app */,
			);
			name = Products;
			sourceTree = "<group>";
		};
		3580A2E62AF3DEED00F1B824 /* Sandbox Explorer */ = {
			isa = PBXGroup;
			children = (
				3580A2F72AF3DF2000F1B824 /* Model */,
				3580A3012AF3FFE500F1B824 /* ViewModel */,
				3580A2F62AF3DF1900F1B824 /* View */,
				3580A2E72AF3DEED00F1B824 /* SandboxExplorerApp.swift */,
				3580A2EB2AF3DEEE00F1B824 /* Assets.xcassets */,
				3580A2ED2AF3DEEE00F1B824 /* Sandbox Explorer.entitlements */,
				3580A2EE2AF3DEEE00F1B824 /* Preview Content */,
			);
			path = "Sandbox Explorer";
			sourceTree = "<group>";
		};
		3580A2EE2AF3DEEE00F1B824 /* Preview Content */ = {
			isa = PBXGroup;
			children = (
				3580A2EF2AF3DEEE00F1B824 /* Preview Assets.xcassets */,
			);
			path = "Preview Content";
			sourceTree = "<group>";
		};
		3580A2F62AF3DF1900F1B824 /* View */ = {
			isa = PBXGroup;
			children = (
				3580A2E92AF3DEED00F1B824 /* ContentView.swift */,
				3580A3042AF403F900F1B824 /* FileSystemView.swift */,
				3580A2FA2AF3DF3300F1B824 /* FileSnippet.swift */,
				3580A2FC2AF3DF3C00F1B824 /* FileView.swift */,
				3580A2FF2AF3F98C00F1B824 /* Pasteboard.swift */,
			);
			path = View;
			sourceTree = "<group>";
		};
		3580A2F72AF3DF2000F1B824 /* Model */ = {
			isa = PBXGroup;
			children = (
				3580A2F82AF3DF2E00F1B824 /* FileNode.swift */,
			);
			path = Model;
			sourceTree = "<group>";
		};
		3580A3012AF3FFE500F1B824 /* ViewModel */ = {
			isa = PBXGroup;
			children = (
				3580A3022AF4008700F1B824 /* FileSystemViewModel.swift */,
			);
			path = ViewModel;
			sourceTree = "<group>";
		};
/* End PBXGroup section */

/* Begin PBXNativeTarget section */
		3580A2E32AF3DEED00F1B824 /* Sandbox Explorer */ = {
			isa = PBXNativeTarget;
			buildConfigurationList = 3580A2F32AF3DEEE00F1B824 /* Build configuration list for PBXNativeTarget "Sandbox Explorer" */;
			buildPhases = (
				3580A2E02AF3DEED00F1B824 /* Sources */,
				3580A2E12AF3DEED00F1B824 /* Frameworks */,
				3580A2E22AF3DEED00F1B824 /* Resources */,
			);
			buildRules = (
			);
			dependencies = (
			);
			name = "Sandbox Explorer";
			productName = SandboxExplorer;
			productReference = 3580A2E42AF3DEED00F1B824 /* Sandbox Explorer.app */;
			productType = "com.apple.product-type.application";
		};
/* End PBXNativeTarget section */

/* Begin PBXProject section */
		3580A2DC2AF3DEED00F1B824 /* Project object */ = {
			isa = PBXProject;
			attributes = {
				BuildIndependentTargetsInParallel = 1;
				LastSwiftUpdateCheck = 1500;
				LastUpgradeCheck = 1500;
				TargetAttributes = {
					3580A2E32AF3DEED00F1B824 = {
						CreatedOnToolsVersion = 15.0.1;
					};
				};
			};
			buildConfigurationList = 3580A2DF2AF3DEED00F1B824 /* Build configuration list for PBXProject "Sandbox Explorer" */;
			compatibilityVersion = "Xcode 14.0";
			developmentRegion = en;
			hasScannedForEncodings = 0;
			knownRegions = (
				en,
				Base,
			);
			mainGroup = 3580A2DB2AF3DEED00F1B824;
			productRefGroup = 3580A2E52AF3DEED00F1B824 /* Products */;
			projectDirPath = "";
			projectRoot = "";
			targets = (
				3580A2E32AF3DEED00F1B824 /* Sandbox Explorer */,
			);
		};
/* End PBXProject section */

/* Begin PBXResourcesBuildPhase section */
		3580A2E22AF3DEED00F1B824 /* Resources */ = {
			isa = PBXResourcesBuildPhase;
			buildActionMask = 2147483647;
			files = (
				3580A2F02AF3DEEE00F1B824 /* Preview Assets.xcassets in Resources */,
				3580A2EC2AF3DEEE00F1B824 /* Assets.xcassets in Resources */,
			);
			runOnlyForDeploymentPostprocessing = 0;
		};
/* End PBXResourcesBuildPhase section */

/* Begin PBXSourcesBuildPhase section */
		3580A2E02AF3DEED00F1B824 /* Sources */ = {
			isa = PBXSourcesBuildPhase;
			buildActionMask = 2147483647;
			files = (
				3580A2EA2AF3DEED00F1B824 /* ContentView.swift in Sources */,
				3580A2E82AF3DEED00F1B824 /* SandboxExplorerApp.swift in Sources */,
				3580A3002AF3F98C00F1B824 /* Pasteboard.swift in Sources */,
				3580A2F92AF3DF2E00F1B824 /* FileNode.swift in Sources */,
				3580A2FD2AF3DF3C00F1B824 /* FileView.swift in Sources */,
				3580A2FB2AF3DF3300F1B824 /* FileSnippet.swift in Sources */,
				3580A3032AF4008700F1B824 /* FileSystemViewModel.swift in Sources */,
				3580A3052AF403F900F1B824 /* FileSystemView.swift in Sources */,
			);
			runOnlyForDeploymentPostprocessing = 0;
		};
/* End PBXSourcesBuildPhase section */

/* Begin XCBuildConfiguration section */
		3580A2F12AF3DEEE00F1B824 /* Debug */ = {
			isa = XCBuildConfiguration;
			buildSettings = {
				ALWAYS_SEARCH_USER_PATHS = NO;
				ASSETCATALOG_COMPILER_GENERATE_SWIFT_ASSET_SYMBOL_EXTENSIONS = YES;
				CLANG_ANALYZER_NONNULL = YES;
				CLANG_ANALYZER_NUMBER_OBJECT_CONVERSION = YES_AGGRESSIVE;
				CLANG_CXX_LANGUAGE_STANDARD = "gnu++20";
				CLANG_ENABLE_MODULES = YES;
				CLANG_ENABLE_OBJC_ARC = YES;
				CLANG_ENABLE_OBJC_WEAK = YES;
				CLANG_WARN_BLOCK_CAPTURE_AUTORELEASING = YES;
				CLANG_WARN_BOOL_CONVERSION = YES;
				CLANG_WARN_COMMA = YES;
				CLANG_WARN_CONSTANT_CONVERSION = YES;
				CLANG_WARN_DEPRECATED_OBJC_IMPLEMENTATIONS = YES;
				CLANG_WARN_DIRECT_OBJC_ISA_USAGE = YES_ERROR;
				CLANG_WARN_DOCUMENTATION_COMMENTS = YES;
				CLANG_WARN_EMPTY_BODY = YES;
				CLANG_WARN_ENUM_CONVERSION = YES;
				CLANG_WARN_INFINITE_RECURSION = YES;
				CLANG_WARN_INT_CONVERSION = YES;
				CLANG_WARN_NON_LITERAL_NULL_CONVERSION = YES;
				CLANG_WARN_OBJC_IMPLICIT_RETAIN_SELF = YES;
				CLANG_WARN_OBJC_LITERAL_CONVERSION = YES;
				CLANG_WARN_OBJC_ROOT_CLASS = YES_ERROR;
				CLANG_WARN_QUOTED_INCLUDE_IN_FRAMEWORK_HEADER = YES;
				CLANG_WARN_RANGE_LOOP_ANALYSIS = YES;
				CLANG_WARN_STRICT_PROTOTYPES = YES;
				CLANG_WARN_SUSPICIOUS_MOVE = YES;
				CLANG_WARN_UNGUARDED_AVAILABILITY = YES_AGGRESSIVE;
				CLANG_WARN_UNREACHABLE_CODE = YES;
				CLANG_WARN__DUPLICATE_METHOD_MATCH = YES;
				COPY_PHASE_STRIP = NO;
				DEBUG_INFORMATION_FORMAT = dwarf;
				ENABLE_STRICT_OBJC_MSGSEND = YES;
				ENABLE_TESTABILITY = YES;
				ENABLE_USER_SCRIPT_SANDBOXING = YES;
				GCC_C_LANGUAGE_STANDARD = gnu17;
				GCC_DYNAMIC_NO_PIC = NO;
				GCC_NO_COMMON_BLOCKS = YES;
				GCC_OPTIMIZATION_LEVEL = 0;
				GCC_PREPROCESSOR_DEFINITIONS = (
					"DEBUG=1",
					"$(inherited)",
				);
				GCC_WARN_64_TO_32_BIT_CONVERSION = YES;
				GCC_WARN_ABOUT_RETURN_TYPE = YES_ERROR;
				GCC_WARN_UNDECLARED_SELECTOR = YES;
				GCC_WARN_UNINITIALIZED_AUTOS = YES_AGGRESSIVE;
				GCC_WARN_UNUSED_FUNCTION = YES;
				GCC_WARN_UNUSED_VARIABLE = YES;
				LOCALIZATION_PREFERS_STRING_CATALOGS = YES;
				MTL_ENABLE_DEBUG_INFO = INCLUDE_SOURCE;
				MTL_FAST_MATH = YES;
				ONLY_ACTIVE_ARCH = YES;
				SWIFT_ACTIVE_COMPILATION_CONDITIONS = "DEBUG $(inherited)";
				SWIFT_OPTIMIZATION_LEVEL = "-Onone";
			};
			name = Debug;
		};
		3580A2F22AF3DEEE00F1B824 /* Release */ = {
			isa = XCBuildConfiguration;
			buildSettings = {
				ALWAYS_SEARCH_USER_PATHS = NO;
				ASSETCATALOG_COMPILER_GENERATE_SWIFT_ASSET_SYMBOL_EXTENSIONS = YES;
				CLANG_ANALYZER_NONNULL = YES;
				CLANG_ANALYZER_NUMBER_OBJECT_CONVERSION = YES_AGGRESSIVE;
				CLANG_CXX_LANGUAGE_STANDARD = "gnu++20";
				CLANG_ENABLE_MODULES = YES;
				CLANG_ENABLE_OBJC_ARC = YES;
				CLANG_ENABLE_OBJC_WEAK = YES;
				CLANG_WARN_BLOCK_CAPTURE_AUTORELEASING = YES;
				CLANG_WARN_BOOL_CONVERSION = YES;
				CLANG_WARN_COMMA = YES;
				CLANG_WARN_CONSTANT_CONVERSION = YES;
				CLANG_WARN_DEPRECATED_OBJC_IMPLEMENTATIONS = YES;
				CLANG_WARN_DIRECT_OBJC_ISA_USAGE = YES_ERROR;
				CLANG_WARN_DOCUMENTATION_COMMENTS = YES;
				CLANG_WARN_EMPTY_BODY = YES;
				CLANG_WARN_ENUM_CONVERSION = YES;
				CLANG_WARN_INFINITE_RECURSION = YES;
				CLANG_WARN_INT_CONVERSION = YES;
				CLANG_WARN_NON_LITERAL_NULL_CONVERSION = YES;
				CLANG_WARN_OBJC_IMPLICIT_RETAIN_SELF = YES;
				CLANG_WARN_OBJC_LITERAL_CONVERSION = YES;
				CLANG_WARN_OBJC_ROOT_CLASS = YES_ERROR;
				CLANG_WARN_QUOTED_INCLUDE_IN_FRAMEWORK_HEADER = YES;
				CLANG_WARN_RANGE_LOOP_ANALYSIS = YES;
				CLANG_WARN_STRICT_PROTOTYPES = YES;
				CLANG_WARN_SUSPICIOUS_MOVE = YES;
				CLANG_WARN_UNGUARDED_AVAILABILITY = YES_AGGRESSIVE;
				CLANG_WARN_UNREACHABLE_CODE = YES;
				CLANG_WARN__DUPLICATE_METHOD_MATCH = YES;
				COPY_PHASE_STRIP = NO;
				DEBUG_INFORMATION_FORMAT = "dwarf-with-dsym";
				ENABLE_NS_ASSERTIONS = NO;
				ENABLE_STRICT_OBJC_MSGSEND = YES;
				ENABLE_USER_SCRIPT_SANDBOXING = YES;
				GCC_C_LANGUAGE_STANDARD = gnu17;
				GCC_NO_COMMON_BLOCKS = YES;
				GCC_WARN_64_TO_32_BIT_CONVERSION = YES;
				GCC_WARN_ABOUT_RETURN_TYPE = YES_ERROR;
				GCC_WARN_UNDECLARED_SELECTOR = YES;
				GCC_WARN_UNINITIALIZED_AUTOS = YES_AGGRESSIVE;
				GCC_WARN_UNUSED_FUNCTION = YES;
				GCC_WARN_UNUSED_VARIABLE = YES;
				LOCALIZATION_PREFERS_STRING_CATALOGS = YES;
				MTL_ENABLE_DEBUG_INFO = NO;
				MTL_FAST_MATH = YES;
				SWIFT_COMPILATION_MODE = wholemodule;
			};
			name = Release;
		};
		3580A2F42AF3DEEE00F1B824 /* Debug */ = {
			isa = XCBuildConfiguration;
			buildSettings = {
				ASSETCATALOG_COMPILER_APPICON_NAME = AppIcon;
				ASSETCATALOG_COMPILER_GLOBAL_ACCENT_COLOR_NAME = AccentColor;
				CODE_SIGN_ENTITLEMENTS = "Sandbox Explorer/Sandbox Explorer.entitlements";
				CODE_SIGN_IDENTITY = "Apple Development";
				CODE_SIGN_STYLE = Automatic;
				CURRENT_PROJECT_VERSION = 1;
				DEVELOPMENT_ASSET_PATHS = "\"Sandbox Explorer/Preview Content\"";
				DEVELOPMENT_TEAM = SS8V8UGLY8;
				ENABLE_HARDENED_RUNTIME = YES;
				ENABLE_PREVIEWS = YES;
				GENERATE_INFOPLIST_FILE = YES;
				"INFOPLIST_KEY_UIApplicationSceneManifest_Generation[sdk=iphoneos*]" = YES;
				"INFOPLIST_KEY_UIApplicationSceneManifest_Generation[sdk=iphonesimulator*]" = YES;
				"INFOPLIST_KEY_UIApplicationSupportsIndirectInputEvents[sdk=iphoneos*]" = YES;
				"INFOPLIST_KEY_UIApplicationSupportsIndirectInputEvents[sdk=iphonesimulator*]" = YES;
				"INFOPLIST_KEY_UILaunchScreen_Generation[sdk=iphoneos*]" = YES;
				"INFOPLIST_KEY_UILaunchScreen_Generation[sdk=iphonesimulator*]" = YES;
				"INFOPLIST_KEY_UIStatusBarStyle[sdk=iphoneos*]" = UIStatusBarStyleDefault;
				"INFOPLIST_KEY_UIStatusBarStyle[sdk=iphonesimulator*]" = UIStatusBarStyleDefault;
				INFOPLIST_KEY_UISupportedInterfaceOrientations_iPad = "UIInterfaceOrientationPortrait UIInterfaceOrientationPortraitUpsideDown UIInterfaceOrientationLandscapeLeft UIInterfaceOrientationLandscapeRight";
				INFOPLIST_KEY_UISupportedInterfaceOrientations_iPhone = "UIInterfaceOrientationPortrait UIInterfaceOrientationLandscapeLeft UIInterfaceOrientationLandscapeRight";
				IPHONEOS_DEPLOYMENT_TARGET = 17.0;
				LD_RUNPATH_SEARCH_PATHS = "@executable_path/Frameworks";
				"LD_RUNPATH_SEARCH_PATHS[sdk=macosx*]" = "@executable_path/../Frameworks";
				MACOSX_DEPLOYMENT_TARGET = 14.0;
				MARKETING_VERSION = 1.0;
				PRODUCT_BUNDLE_IDENTIFIER = dev.fwcd.SandboxExplorer;
				PRODUCT_NAME = "$(TARGET_NAME)";
				PROVISIONING_PROFILE_SPECIFIER = "";
				SDKROOT = auto;
				SUPPORTED_PLATFORMS = "iphoneos iphonesimulator macosx";
				SWIFT_EMIT_LOC_STRINGS = YES;
				SWIFT_VERSION = 5.0;
				TARGETED_DEVICE_FAMILY = "1,2";
			};
			name = Debug;
		};
		3580A2F52AF3DEEE00F1B824 /* Release */ = {
			isa = XCBuildConfiguration;
			buildSettings = {
				ASSETCATALOG_COMPILER_APPICON_NAME = AppIcon;
				ASSETCATALOG_COMPILER_GLOBAL_ACCENT_COLOR_NAME = AccentColor;
				CODE_SIGN_ENTITLEMENTS = "Sandbox Explorer/Sandbox Explorer.entitlements";
				CODE_SIGN_IDENTITY = "Apple Development";
				CODE_SIGN_STYLE = Automatic;
				CURRENT_PROJECT_VERSION = 1;
				DEVELOPMENT_ASSET_PATHS = "\"Sandbox Explorer/Preview Content\"";
				DEVELOPMENT_TEAM = SS8V8UGLY8;
				ENABLE_HARDENED_RUNTIME = YES;
				ENABLE_PREVIEWS = YES;
				GENERATE_INFOPLIST_FILE = YES;
				"INFOPLIST_KEY_UIApplicationSceneManifest_Generation[sdk=iphoneos*]" = YES;
				"INFOPLIST_KEY_UIApplicationSceneManifest_Generation[sdk=iphonesimulator*]" = YES;
				"INFOPLIST_KEY_UIApplicationSupportsIndirectInputEvents[sdk=iphoneos*]" = YES;
				"INFOPLIST_KEY_UIApplicationSupportsIndirectInputEvents[sdk=iphonesimulator*]" = YES;
				"INFOPLIST_KEY_UILaunchScreen_Generation[sdk=iphoneos*]" = YES;
				"INFOPLIST_KEY_UILaunchScreen_Generation[sdk=iphonesimulator*]" = YES;
				"INFOPLIST_KEY_UIStatusBarStyle[sdk=iphoneos*]" = UIStatusBarStyleDefault;
				"INFOPLIST_KEY_UIStatusBarStyle[sdk=iphonesimulator*]" = UIStatusBarStyleDefault;
				INFOPLIST_KEY_UISupportedInterfaceOrientations_iPad = "UIInterfaceOrientationPortrait UIInterfaceOrientationPortraitUpsideDown UIInterfaceOrientationLandscapeLeft UIInterfaceOrientationLandscapeRight";
				INFOPLIST_KEY_UISupportedInterfaceOrientations_iPhone = "UIInterfaceOrientationPortrait UIInterfaceOrientationLandscapeLeft UIInterfaceOrientationLandscapeRight";
				IPHONEOS_DEPLOYMENT_TARGET = 17.0;
				LD_RUNPATH_SEARCH_PATHS = "@executable_path/Frameworks";
				"LD_RUNPATH_SEARCH_PATHS[sdk=macosx*]" = "@executable_path/../Frameworks";
				MACOSX_DEPLOYMENT_TARGET = 14.0;
				MARKETING_VERSION = 1.0;
				PRODUCT_BUNDLE_IDENTIFIER = dev.fwcd.SandboxExplorer;
				PRODUCT_NAME = "$(TARGET_NAME)";
				PROVISIONING_PROFILE_SPECIFIER = "";
				SDKROOT = auto;
				SUPPORTED_PLATFORMS = "iphoneos iphonesimulator macosx";
				SWIFT_EMIT_LOC_STRINGS = YES;
				SWIFT_VERSION = 5.0;
				TARGETED_DEVICE_FAMILY = "1,2";
			};
			name = Release;
		};
/* End XCBuildConfiguration section */

/* Begin XCConfigurationList section */
		3580A2DF2AF3DEED00F1B824 /* Build configuration list for PBXProject "Sandbox Explorer" */ = {
			isa = XCConfigurationList;
			buildConfigurations = (
				3580A2F12AF3DEEE00F1B824 /* Debug */,
				3580A2F22AF3DEEE00F1B824 /* Release */,
			);
			defaultConfigurationIsVisible = 0;
			defaultConfigurationName = Release;
		};
		3580A2F32AF3DEEE00F1B824 /* Build configuration list for PBXNativeTarget "Sandbox Explorer" */ = {
			isa = XCConfigurationList;
			buildConfigurations = (
				3580A2F42AF3DEEE00F1B824 /* Debug */,
				3580A2F52AF3DEEE00F1B824 /* Release */,
			);
			defaultConfigurationIsVisible = 0;
			defaultConfigurationName = Release;
		};
/* End XCConfigurationList section */
	};
	rootObject = 3580A2DC2AF3DEED00F1B824 /* Project object */;
}
